# This file is automatically @generated by Cargo.
# It is not intended for manual editing.
version = 3

[[package]]
name = "charts-clean"
version = "0.1.0"
dependencies = [
 "irox-log",
 "irox-time",
]

[[package]]
name = "irox-enums"
version = "0.2.2"
source = "registry+https://github.com/rust-lang/crates.io-index"
checksum = "ac9e2ef0ec6807c038e3067d3644e8284fbe3f8626c0d6469edf3499af716b7a"
dependencies = [
 "irox-enums_derive",
]

[[package]]
name = "irox-enums_derive"
version = "0.2.2"
source = "registry+https://github.com/rust-lang/crates.io-index"
checksum = "ef7dca349c54c649534905a82175b2a582e67c791e3a2b6428e02e948ac5e337"
dependencies = [
 "quote",
 "syn",
]

[[package]]
name = "irox-log"
version = "0.2.0"
source = "registry+https://github.com/rust-lang/crates.io-index"
checksum = "55a1bbad3eb932d3165159caa1988a8b480f6f7d1755fe4de842c9401321d672"
dependencies = [
 "irox-time",
 "irox-tools",
 "log",
]

[[package]]
name = "irox-time"
version = "0.4.2"
source = "registry+https://github.com/rust-lang/crates.io-index"
checksum = "55dd10bbd24837b44b93c5c1e8d13dfe733c27601c02330518f138a517f776d1"
dependencies = [
 "irox-enums",
 "irox-tools",
 "irox-units",
]

[[package]]
name = "irox-tools"
version = "0.7.0"
source = "registry+https://github.com/rust-lang/crates.io-index"
checksum = "fd4862e4821b3738ed0ec2544f6a4c12d7ca5368b11dde528dc50a0c3d396ccd"

[[package]]
name = "irox-units"
version = "0.3.6"
source = "registry+https://github.com/rust-lang/crates.io-index"
checksum = "84ab793329bf1e7eb71e772a180dc2c265b0f3a80110486cfea7d1b6db73d217"
dependencies = [
 "irox-tools",
]

[[package]]
name = "log"
version = "0.4.21"
source = "registry+https://github.com/rust-lang/crates.io-index"
checksum = "90ed8c1e510134f979dbc4f070f87d4313098b704861a105fe34231c70a3901c"

[[package]]
name = "proc-macro2"
version = "1.0.79"
source = "registry+https://github.com/rust-lang/crates.io-index"
checksum = "e835ff2298f5721608eb1a980ecaee1aef2c132bf95ecc026a11b7bf3c01c02e"
dependencies = [
 "unicode-ident",
]

[[package]]
name = "quote"
version = "1.0.36"
source = "registry+https://github.com/rust-lang/crates.io-index"
checksum = "0fa76aaf39101c457836aec0ce2316dbdc3ab723cdda1c6bd4e6ad4208acaca7"
dependencies = [
 "proc-macro2",
]

[[package]]
name = "syn"
version = "2.0.58"
source = "registry+https://github.com/rust-lang/crates.io-index"
checksum = "44cfb93f38070beee36b3fef7d4f5a16f27751d94b187b666a5cc5e9b0d30687"
dependencies = [
 "proc-macro2",
 "quote",
 "unicode-ident",
]

[[package]]
name = "unicode-ident"
version = "1.0.12"
source = "registry+https://github.com/rust-lang/crates.io-index"
checksum = "3354b9ac3fae1ff6755cb6db53683adb661634f67557942dea4facebec0fee4b"
